
Microsoft Visual Studio Solution File, Format Version 12.00
# Visual Studio 15
VisualStudioVersion = 15.0.27130.2024
MinimumVisualStudioVersion = 10.0.40219.1
Project("{FAE04EC0-301F-11D3-BF4B-00C04F79EFBC}") = "Project.Test", "Project.Test\Project.Test.csproj", "{500FCA65-AB9D-4A58-BC63-076B3E3FD381}"
EndProject
Project("{FAE04EC0-301F-11D3-BF4B-00C04F79EFBC}") = "Project", "Project\Project.csproj", "{AE4456FD-3E78-4F20-BBDA-574A6A531BC5}"
EndProject
Global
	GlobalSection(SolutionConfigurationPlatforms) = preSolution
		Debug|Any CPU = Debug|Any CPU
		Release|Any CPU = Release|Any CPU
	EndGlobalSection
	GlobalSection(ProjectConfigurationPlatforms) = postSolution
		{500FCA65-AB9D-4A58-BC63-076B3E3FD381}.Debug|Any CPU.ActiveCfg = Debug|Any CPU
		{500FCA65-AB9D-4A58-BC63-076B3E3FD381}.Debug|Any CPU.Build.0 = Debug|Any CPU
		{500FCA65-AB9D-4A58-BC63-076B3E3FD381}.Release|Any CPU.ActiveCfg = Release|Any CPU
		{500FCA65-AB9D-4A58-BC63-076B3E3FD381}.Release|Any CPU.Build.0 = Release|Any CPU
		{AE4456FD-3E78-4F20-BBDA-574A6A531BC5}.Debug|Any CPU.ActiveCfg = Debug|Any CPU
		{AE4456FD-3E78-4F20-BBDA-574A6A531BC5}.Debug|Any CPU.Build.0 = Debug|Any CPU
		{AE4456FD-3E78-4F20-BBDA-574A6A531BC5}.Release|Any CPU.ActiveCfg = Release|Any CPU
		{AE4456FD-3E78-4F20-BBDA-574A6A531BC5}.Release|Any CPU.Build.0 = Release|Any CPU
	EndGlobalSection
	GlobalSection(SolutionProperties) = preSolution
		HideSolutionNode = FALSE
	EndGlobalSection
	GlobalSection(ExtensibilityGlobals) = postSolution
		SolutionGuid = {0AAD4B1A-1D68-46A3-A3BA-D72628E40836}
	EndGlobalSection
EndGlobal
